# This file is automatically @generated by Cargo.
# It is not intended for manual editing.
version = 3

[[package]]
name = "bitfield"
version = "0.17.0"
source = "registry+https://github.com/rust-lang/crates.io-index"
checksum = "f798d2d157e547aa99aab0967df39edd0b70307312b6f8bd2848e6abe40896e0"

[[package]]
name = "libc"
version = "0.2.161"
source = "registry+https://github.com/rust-lang/crates.io-index"
checksum = "8e9489c2807c139ffd9c1794f4af0ebe86a828db53ecdc7fea2111d0fed085d1"

[[package]]
name = "libltc-rs"
version = "0.1.0"
dependencies = [
 "bitfield",
 "libc",
]
